// !$*UTF8*$!
{
	archiveVersion = 1;
	classes = {
	};
	objectVersion = 56;
	objects = {

/* Begin PBXBuildFile section */
		813DA4482B5C028A001FE667 /* AppDelegate.swift in Sources */ = {isa = PBXBuildFile; fileRef = 813DA4472B5C028A001FE667 /* AppDelegate.swift */; };
		813DA44A2B5C028A001FE667 /* SceneDelegate.swift in Sources */ = {isa = PBXBuildFile; fileRef = 813DA4492B5C028A001FE667 /* SceneDelegate.swift */; };
		813DA44C2B5C028A001FE667 /* ViewController.swift in Sources */ = {isa = PBXBuildFile; fileRef = 813DA44B2B5C028A001FE667 /* ViewController.swift */; };
		813DA44F2B5C028A001FE667 /* Main.storyboard in Resources */ = {isa = PBXBuildFile; fileRef = 813DA44D2B5C028A001FE667 /* Main.storyboard */; };
		813DA4512B5C028B001FE667 /* Assets.xcassets in Resources */ = {isa = PBXBuildFile; fileRef = 813DA4502B5C028B001FE667 /* Assets.xcassets */; };
		813DA4542B5C028B001FE667 /* LaunchScreen.storyboard in Resources */ = {isa = PBXBuildFile; fileRef = 813DA4522B5C028B001FE667 /* LaunchScreen.storyboard */; };
		813DA45F2B5C028B001FE667 /* firstappTests.swift in Sources */ = {isa = PBXBuildFile; fileRef = 813DA45E2B5C028B001FE667 /* firstappTests.swift */; };
		813DA4692B5C028B001FE667 /* firstappUITests.swift in Sources */ = {isa = PBXBuildFile; fileRef = 813DA4682B5C028B001FE667 /* firstappUITests.swift */; };
		813DA46B2B5C028B001FE667 /* firstappUITestsLaunchTests.swift in Sources */ = {isa = PBXBuildFile; fileRef = 813DA46A2B5C028B001FE667 /* firstappUITestsLaunchTests.swift */; };
/* End PBXBuildFile section */

/* Begin PBXContainerItemProxy section */
		813DA45B2B5C028B001FE667 /* PBXContainerItemProxy */ = {
			isa = PBXContainerItemProxy;
			containerPortal = 813DA43C2B5C028A001FE667 /* Project object */;
			proxyType = 1;
			remoteGlobalIDString = 813DA4432B5C028A001FE667;
			remoteInfo = firstapp;
		};
		813DA4652B5C028B001FE667 /* PBXContainerItemProxy */ = {
			isa = PBXContainerItemProxy;
			containerPortal = 813DA43C2B5C028A001FE667 /* Project object */;
			proxyType = 1;
			remoteGlobalIDString = 813DA4432B5C028A001FE667;
			remoteInfo = firstapp;
		};
/* End PBXContainerItemProxy section */

/* Begin PBXFileReference section */
		813DA4442B5C028A001FE667 /* firstapp.app */ = {isa = PBXFileReference; explicitFileType = wrapper.application; includeInIndex = 0; path = firstapp.app; sourceTree = BUILT_PRODUCTS_DIR; };
		813DA4472B5C028A001FE667 /* AppDelegate.swift */ = {isa = PBXFileReference; lastKnownFileType = sourcecode.swift; path = AppDelegate.swift; sourceTree = "<group>"; };
		813DA4492B5C028A001FE667 /* SceneDelegate.swift */ = {isa = PBXFileReference; lastKnownFileType = sourcecode.swift; path = SceneDelegate.swift; sourceTree = "<group>"; };
		813DA44B2B5C028A001FE667 /* ViewController.swift */ = {isa = PBXFileReference; lastKnownFileType = sourcecode.swift; path = ViewController.swift; sourceTree = "<group>"; };
		813DA44E2B5C028A001FE667 /* Base */ = {isa = PBXFileReference; lastKnownFileType = file.storyboard; name = Base; path = Base.lproj/Main.storyboard; sourceTree = "<group>"; };
		813DA4502B5C028B001FE667 /* Assets.xcassets */ = {isa = PBXFileReference; lastKnownFileType = folder.assetcatalog; path = Assets.xcassets; sourceTree = "<group>"; };
		813DA4532B5C028B001FE667 /* Base */ = {isa = PBXFileReference; lastKnownFileType = file.storyboard; name = Base; path = Base.lproj/LaunchScreen.storyboard; sourceTree = "<group>"; };
		813DA4552B5C028B001FE667 /* Info.plist */ = {isa = PBXFileReference; lastKnownFileType = text.plist.xml; path = Info.plist; sourceTree = "<group>"; };
		813DA45A2B5C028B001FE667 /* firstappTests.xctest */ = {isa = PBXFileReference; explicitFileType = wrapper.cfbundle; includeInIndex = 0; path = firstappTests.xctest; sourceTree = BUILT_PRODUCTS_DIR; };
		813DA45E2B5C028B001FE667 /* firstappTests.swift */ = {isa = PBXFileReference; lastKnownFileType = sourcecode.swift; path = firstappTests.swift; sourceTree = "<group>"; };
		813DA4642B5C028B001FE667 /* firstappUITests.xctest */ = {isa = PBXFileReference; explicitFileType = wrapper.cfbundle; includeInIndex = 0; path = firstappUITests.xctest; sourceTree = BUILT_PRODUCTS_DIR; };
		813DA4682B5C028B001FE667 /* firstappUITests.swift */ = {isa = PBXFileReference; lastKnownFileType = sourcecode.swift; path = firstappUITests.swift; sourceTree = "<group>"; };
		813DA46A2B5C028B001FE667 /* firstappUITestsLaunchTests.swift */ = {isa = PBXFileReference; lastKnownFileType = sourcecode.swift; path = firstappUITestsLaunchTests.swift; sourceTree = "<group>"; };
/* End PBXFileReference section */

/* Begin PBXFrameworksBuildPhase section */
		813DA4412B5C028A001FE667 /* Frameworks */ = {
			isa = PBXFrameworksBuildPhase;
			buildActionMask = 2147483647;
			files = (
			);
			runOnlyForDeploymentPostprocessing = 0;
		};
		813DA4572B5C028B001FE667 /* Frameworks */ = {
			isa = PBXFrameworksBuildPhase;
			buildActionMask = 2147483647;
			files = (
			);
			runOnlyForDeploymentPostprocessing = 0;
		};
		813DA4612B5C028B001FE667 /* Frameworks */ = {
			isa = PBXFrameworksBuildPhase;
			buildActionMask = 2147483647;
			files = (
			);
			runOnlyForDeploymentPostprocessing = 0;
		};
/* End PBXFrameworksBuildPhase section */

/* Begin PBXGroup section */
		813DA43B2B5C028A001FE667 = {
			isa = PBXGroup;
			children = (
				813DA4462B5C028A001FE667 /* firstapp */,
				813DA45D2B5C028B001FE667 /* firstappTests */,
				813DA4672B5C028B001FE667 /* firstappUITests */,
				813DA4452B5C028A001FE667 /* Products */,
			);
			sourceTree = "<group>";
		};
		813DA4452B5C028A001FE667 /* Products */ = {
			isa = PBXGroup;
			children = (
				813DA4442B5C028A001FE667 /* firstapp.app */,
				813DA45A2B5C028B001FE667 /* firstappTests.xctest */,
				813DA4642B5C028B001FE667 /* firstappUITests.xctest */,
			);
			name = Products;
			sourceTree = "<group>";
		};
		813DA4462B5C028A001FE667 /* firstapp */ = {
			isa = PBXGroup;
			children = (
				813DA4472B5C028A001FE667 /* AppDelegate.swift */,
				813DA4492B5C028A001FE667 /* SceneDelegate.swift */,
				813DA44B2B5C028A001FE667 /* ViewController.swift */,
				813DA44D2B5C028A001FE667 /* Main.storyboard */,
				813DA4502B5C028B001FE667 /* Assets.xcassets */,
				813DA4522B5C028B001FE667 /* LaunchScreen.storyboard */,
				813DA4552B5C028B001FE667 /* Info.plist */,
			);
			path = firstapp;
			sourceTree = "<group>";
		};
		813DA45D2B5C028B001FE667 /* firstappTests */ = {
			isa = PBXGroup;
			children = (
				813DA45E2B5C028B001FE667 /* firstappTests.swift */,
			);
			path = firstappTests;
			sourceTree = "<group>";
		};
		813DA4672B5C028B001FE667 /* firstappUITests */ = {
			isa = PBXGroup;
			children = (
				813DA4682B5C028B001FE667 /* firstappUITests.swift */,
				813DA46A2B5C028B001FE667 /* firstappUITestsLaunchTests.swift */,
			);
			path = firstappUITests;
			sourceTree = "<group>";
		};
/* End PBXGroup section */

/* Begin PBXNativeTarget section */
		813DA4432B5C028A001FE667 /* firstapp */ = {
			isa = PBXNativeTarget;
			buildConfigurationList = 813DA46E2B5C028B001FE667 /* Build configuration list for PBXNativeTarget "firstapp" */;
			buildPhases = (
				813DA4402B5C028A001FE667 /* Sources */,
				813DA4412B5C028A001FE667 /* Frameworks */,
				813DA4422B5C028A001FE667 /* Resources */,
			);
			buildRules = (
			);
			dependencies = (
			);
			name = firstapp;
			productName = firstapp;
			productReference = 813DA4442B5C028A001FE667 /* firstapp.app */;
			productType = "com.apple.product-type.application";
		};
		813DA4592B5C028B001FE667 /* firstappTests */ = {
			isa = PBXNativeTarget;
			buildConfigurationList = 813DA4712B5C028B001FE667 /* Build configuration list for PBXNativeTarget "firstappTests" */;
			buildPhases = (
				813DA4562B5C028B001FE667 /* Sources */,
				813DA4572B5C028B001FE667 /* Frameworks */,
				813DA4582B5C028B001FE667 /* Resources */,
			);
			buildRules = (
			);
			dependencies = (
				813DA45C2B5C028B001FE667 /* PBXTargetDependency */,
			);
			name = firstappTests;
			productName = firstappTests;
			productReference = 813DA45A2B5C028B001FE667 /* firstappTests.xctest */;
			productType = "com.apple.product-type.bundle.unit-test";
		};
		813DA4632B5C028B001FE667 /* firstappUITests */ = {
			isa = PBXNativeTarget;
			buildConfigurationList = 813DA4742B5C028B001FE667 /* Build configuration list for PBXNativeTarget "firstappUITests" */;
			buildPhases = (
				813DA4602B5C028B001FE667 /* Sources */,
				813DA4612B5C028B001FE667 /* Frameworks */,
				813DA4622B5C028B001FE667 /* Resources */,
			);
			buildRules = (
			);
			dependencies = (
				813DA4662B5C028B001FE667 /* PBXTargetDependency */,
			);
			name = firstappUITests;
			productName = firstappUITests;
			productReference = 813DA4642B5C028B001FE667 /* firstappUITests.xctest */;
			productType = "com.apple.product-type.bundle.ui-testing";
		};
/* End PBXNativeTarget section */

/* Begin PBXProject section */
		813DA43C2B5C028A001FE667 /* Project object */ = {
			isa = PBXProject;
			attributes = {
				BuildIndependentTargetsInParallel = 1;
				LastSwiftUpdateCheck = 1500;
				LastUpgradeCheck = 1500;
				TargetAttributes = {
					813DA4432B5C028A001FE667 = {
						CreatedOnToolsVersion = 15.0.1;
					};
					813DA4592B5C028B001FE667 = {
						CreatedOnToolsVersion = 15.0.1;
						TestTargetID = 813DA4432B5C028A001FE667;
					};
					813DA4632B5C028B001FE667 = {
						CreatedOnToolsVersion = 15.0.1;
						TestTargetID = 813DA4432B5C028A001FE667;
					};
				};
			};
			buildConfigurationList = 813DA43F2B5C028A001FE667 /* Build configuration list for PBXProject "firstapp" */;
			compatibilityVersion = "Xcode 14.0";
			developmentRegion = en;
			hasScannedForEncodings = 0;
			knownRegions = (
				en,
				Base,
			);
			mainGroup = 813DA43B2B5C028A001FE667;
			productRefGroup = 813DA4452B5C028A001FE667 /* Products */;
			projectDirPath = "";
			projectRoot = "";
			targets = (
				813DA4432B5C028A001FE667 /* firstapp */,
				813DA4592B5C028B001FE667 /* firstappTests */,
				813DA4632B5C028B001FE667 /* firstappUITests */,
			);
		};
/* End PBXProject section */

/* Begin PBXResourcesBuildPhase section */
		813DA4422B5C028A001FE667 /* Resources */ = {
			isa = PBXResourcesBuildPhase;
			buildActionMask = 2147483647;
			files = (
				813DA4542B5C028B001FE667 /* LaunchScreen.storyboard in Resources */,
				813DA4512B5C028B001FE667 /* Assets.xcassets in Resources */,
				813DA44F2B5C028A001FE667 /* Main.storyboard in Resources */,
			);
			runOnlyForDeploymentPostprocessing = 0;
		};
		813DA4582B5C028B001FE667 /* Resources */ = {
			isa = PBXResourcesBuildPhase;
			buildActionMask = 2147483647;
			files = (
			);
			runOnlyForDeploymentPostprocessing = 0;
		};
		813DA4622B5C028B001FE667 /* Resources */ = {
			isa = PBXResourcesBuildPhase;
			buildActionMask = 2147483647;
			files = (
			);
			runOnlyForDeploymentPostprocessing = 0;
		};
/* End PBXResourcesBuildPhase section */

/* Begin PBXSourcesBuildPhase section */
		813DA4402B5C028A001FE667 /* Sources */ = {
			isa = PBXSourcesBuildPhase;
			buildActionMask = 2147483647;
			files = (
				813DA44C2B5C028A001FE667 /* ViewController.swift in Sources */,
				813DA4482B5C028A001FE667 /* AppDelegate.swift in Sources */,
				813DA44A2B5C028A001FE667 /* SceneDelegate.swift in Sources */,
			);
			runOnlyForDeploymentPostprocessing = 0;
		};
		813DA4562B5C028B001FE667 /* Sources */ = {
			isa = PBXSourcesBuildPhase;
			buildActionMask = 2147483647;
			files = (
				813DA45F2B5C028B001FE667 /* firstappTests.swift in Sources */,
			);
			runOnlyForDeploymentPostprocessing = 0;
		};
		813DA4602B5C028B001FE667 /* Sources */ = {
			isa = PBXSourcesBuildPhase;
			buildActionMask = 2147483647;
			files = (
				813DA46B2B5C028B001FE667 /* firstappUITestsLaunchTests.swift in Sources */,
				813DA4692B5C028B001FE667 /* firstappUITests.swift in Sources */,
			);
			runOnlyForDeploymentPostprocessing = 0;
		};
/* End PBXSourcesBuildPhase section */

/* Begin PBXTargetDependency section */
		813DA45C2B5C028B001FE667 /* PBXTargetDependency */ = {
			isa = PBXTargetDependency;
			target = 813DA4432B5C028A001FE667 /* firstapp */;
			targetProxy = 813DA45B2B5C028B001FE667 /* PBXContainerItemProxy */;
		};
		813DA4662B5C028B001FE667 /* PBXTargetDependency */ = {
			isa = PBXTargetDependency;
			target = 813DA4432B5C028A001FE667 /* firstapp */;
			targetProxy = 813DA4652B5C028B001FE667 /* PBXContainerItemProxy */;
		};
/* End PBXTargetDependency section */

/* Begin PBXVariantGroup section */
		813DA44D2B5C028A001FE667 /* Main.storyboard */ = {
			isa = PBXVariantGroup;
			children = (
				813DA44E2B5C028A001FE667 /* Base */,
			);
			name = Main.storyboard;
			sourceTree = "<group>";
		};
		813DA4522B5C028B001FE667 /* LaunchScreen.storyboard */ = {
			isa = PBXVariantGroup;
			children = (
				813DA4532B5C028B001FE667 /* Base */,
			);
			name = LaunchScreen.storyboard;
			sourceTree = "<group>";
		};
/* End PBXVariantGroup section */

/* Begin XCBuildConfiguration section */
		813DA46C2B5C028B001FE667 /* Debug */ = {
			isa = XCBuildConfiguration;
			buildSettings = {
				ALWAYS_SEARCH_USER_PATHS = NO;
				ASSETCATALOG_COMPILER_GENERATE_SWIFT_ASSET_SYMBOL_EXTENSIONS = YES;
				CLANG_ANALYZER_NONNULL = YES;
				CLANG_ANALYZER_NUMBER_OBJECT_CONVERSION = YES_AGGRESSIVE;
				CLANG_CXX_LANGUAGE_STANDARD = "gnu++20";
				CLANG_ENABLE_MODULES = YES;
				CLANG_ENABLE_OBJC_ARC = YES;
				CLANG_ENABLE_OBJC_WEAK = YES;
				CLANG_WARN_BLOCK_CAPTURE_AUTORELEASING = YES;
				CLANG_WARN_BOOL_CONVERSION = YES;
				CLANG_WARN_COMMA = YES;
				CLANG_WARN_CONSTANT_CONVERSION = YES;
				CLANG_WARN_DEPRECATED_OBJC_IMPLEMENTATIONS = YES;
				CLANG_WARN_DIRECT_OBJC_ISA_USAGE = YES_ERROR;
				CLANG_WARN_DOCUMENTATION_COMMENTS = YES;
				CLANG_WARN_EMPTY_BODY = YES;
				CLANG_WARN_ENUM_CONVERSION = YES;
				CLANG_WARN_INFINITE_RECURSION = YES;
				CLANG_WARN_INT_CONVERSION = YES;
				CLANG_WARN_NON_LITERAL_NULL_CONVERSION = YES;
				CLANG_WARN_OBJC_IMPLICIT_RETAIN_SELF = YES;
				CLANG_WARN_OBJC_LITERAL_CONVERSION = YES;
				CLANG_WARN_OBJC_ROOT_CLASS = YES_ERROR;
				CLANG_WARN_QUOTED_INCLUDE_IN_FRAMEWORK_HEADER = YES;
				CLANG_WARN_RANGE_LOOP_ANALYSIS = YES;
				CLANG_WARN_STRICT_PROTOTYPES = YES;
				CLANG_WARN_SUSPICIOUS_MOVE = YES;
				CLANG_WARN_UNGUARDED_AVAILABILITY = YES_AGGRESSIVE;
				CLANG_WARN_UNREACHABLE_CODE = YES;
				CLANG_WARN__DUPLICATE_METHOD_MATCH = YES;
				COPY_PHASE_STRIP = NO;
				DEBUG_INFORMATION_FORMAT = dwarf;
				ENABLE_STRICT_OBJC_MSGSEND = YES;
				ENABLE_TESTABILITY = YES;
				ENABLE_USER_SCRIPT_SANDBOXING = YES;
				GCC_C_LANGUAGE_STANDARD = gnu17;
				GCC_DYNAMIC_NO_PIC = NO;
				GCC_NO_COMMON_BLOCKS = YES;
				GCC_OPTIMIZATION_LEVEL = 0;
				GCC_PREPROCESSOR_DEFINITIONS = (
					"DEBUG=1",
					"$(inherited)",
				);
				GCC_WARN_64_TO_32_BIT_CONVERSION = YES;
				GCC_WARN_ABOUT_RETURN_TYPE = YES_ERROR;
				GCC_WARN_UNDECLARED_SELECTOR = YES;
				GCC_WARN_UNINITIALIZED_AUTOS = YES_AGGRESSIVE;
				GCC_WARN_UNUSED_FUNCTION = YES;
				GCC_WARN_UNUSED_VARIABLE = YES;
				IPHONEOS_DEPLOYMENT_TARGET = 17.0;
				LOCALIZATION_PREFERS_STRING_CATALOGS = YES;
				MTL_ENABLE_DEBUG_INFO = INCLUDE_SOURCE;
				MTL_FAST_MATH = YES;
				ONLY_ACTIVE_ARCH = YES;
				SDKROOT = iphoneos;
				SWIFT_ACTIVE_COMPILATION_CONDITIONS = "DEBUG $(inherited)";
				SWIFT_OPTIMIZATION_LEVEL = "-Onone";
			};
			name = Debug;
		};
		813DA46D2B5C028B001FE667 /* Release */ = {
			isa = XCBuildConfiguration;
			buildSettings = {
				ALWAYS_SEARCH_USER_PATHS = NO;
				ASSETCATALOG_COMPILER_GENERATE_SWIFT_ASSET_SYMBOL_EXTENSIONS = YES;
				CLANG_ANALYZER_NONNULL = YES;
				CLANG_ANALYZER_NUMBER_OBJECT_CONVERSION = YES_AGGRESSIVE;
				CLANG_CXX_LANGUAGE_STANDARD = "gnu++20";
				CLANG_ENABLE_MODULES = YES;
				CLANG_ENABLE_OBJC_ARC = YES;
				CLANG_ENABLE_OBJC_WEAK = YES;
				CLANG_WARN_BLOCK_CAPTURE_AUTORELEASING = YES;
				CLANG_WARN_BOOL_CONVERSION = YES;
				CLANG_WARN_COMMA = YES;
				CLANG_WARN_CONSTANT_CONVERSION = YES;
				CLANG_WARN_DEPRECATED_OBJC_IMPLEMENTATIONS = YES;
				CLANG_WARN_DIRECT_OBJC_ISA_USAGE = YES_ERROR;
				CLANG_WARN_DOCUMENTATION_COMMENTS = YES;
				CLANG_WARN_EMPTY_BODY = YES;
				CLANG_WARN_ENUM_CONVERSION = YES;
				CLANG_WARN_INFINITE_RECURSION = YES;
				CLANG_WARN_INT_CONVERSION = YES;
				CLANG_WARN_NON_LITERAL_NULL_CONVERSION = YES;
				CLANG_WARN_OBJC_IMPLICIT_RETAIN_SELF = YES;
				CLANG_WARN_OBJC_LITERAL_CONVERSION = YES;
				CLANG_WARN_OBJC_ROOT_CLASS = YES_ERROR;
				CLANG_WARN_QUOTED_INCLUDE_IN_FRAMEWORK_HEADER = YES;
				CLANG_WARN_RANGE_LOOP_ANALYSIS = YES;
				CLANG_WARN_STRICT_PROTOTYPES = YES;
				CLANG_WARN_SUSPICIOUS_MOVE = YES;
				CLANG_WARN_UNGUARDED_AVAILABILITY = YES_AGGRESSIVE;
				CLANG_WARN_UNREACHABLE_CODE = YES;
				CLANG_WARN__DUPLICATE_METHOD_MATCH = YES;
				COPY_PHASE_STRIP = NO;
				DEBUG_INFORMATION_FORMAT = "dwarf-with-dsym";
				ENABLE_NS_ASSERTIONS = NO;
				ENABLE_STRICT_OBJC_MSGSEND = YES;
				ENABLE_USER_SCRIPT_SANDBOXING = YES;
				GCC_C_LANGUAGE_STANDARD = gnu17;
				GCC_NO_COMMON_BLOCKS = YES;
				GCC_WARN_64_TO_32_BIT_CONVERSION = YES;
				GCC_WARN_ABOUT_RETURN_TYPE = YES_ERROR;
				GCC_WARN_UNDECLARED_SELECTOR = YES;
				GCC_WARN_UNINITIALIZED_AUTOS = YES_AGGRESSIVE;
				GCC_WARN_UNUSED_FUNCTION = YES;
				GCC_WARN_UNUSED_VARIABLE = YES;
				IPHONEOS_DEPLOYMENT_TARGET = 17.0;
				LOCALIZATION_PREFERS_STRING_CATALOGS = YES;
				MTL_ENABLE_DEBUG_INFO = NO;
				MTL_FAST_MATH = YES;
				SDKROOT = iphoneos;
				SWIFT_COMPILATION_MODE = wholemodule;
				VALIDATE_PRODUCT = YES;
			};
			name = Release;
		};
		813DA46F2B5C028B001FE667 /* Debug */ = {
			isa = XCBuildConfiguration;
			buildSettings = {
				ASSETCATALOG_COMPILER_APPICON_NAME = AppIcon;
				ASSETCATALOG_COMPILER_GLOBAL_ACCENT_COLOR_NAME = AccentColor;
				CODE_SIGN_STYLE = Automatic;
				CURRENT_PROJECT_VERSION = 1;
				GENERATE_INFOPLIST_FILE = YES;
				INFOPLIST_FILE = firstapp/Info.plist;
				INFOPLIST_KEY_UIApplicationSupportsIndirectInputEvents = YES;
				INFOPLIST_KEY_UILaunchStoryboardName = LaunchScreen;
				INFOPLIST_KEY_UIMainStoryboardFile = Main;
				INFOPLIST_KEY_UISupportedInterfaceOrientations_iPad = "UIInterfaceOrientationPortrait UIInterfaceOrientationPortraitUpsideDown UIInterfaceOrientationLandscapeLeft UIInterfaceOrientationLandscapeRight";
				INFOPLIST_KEY_UISupportedInterfaceOrientations_iPhone = "UIInterfaceOrientationPortrait UIInterfaceOrientationLandscapeLeft UIInterfaceOrientationLandscapeRight";
				LD_RUNPATH_SEARCH_PATHS = (
					"$(inherited)",
					"@executable_path/Frameworks",
				);
				MARKETING_VERSION = 1.0;
				PRODUCT_BUNDLE_IDENTIFIER = "dauren-s.firstapp";
				PRODUCT_NAME = "$(TARGET_NAME)";
				SWIFT_EMIT_LOC_STRINGS = YES;
				SWIFT_VERSION = 5.0;
				TARGETED_DEVICE_FAMILY = "1,2";
			};
			name = Debug;
		};
		813DA4702B5C028B001FE667 /* Release */ = {
			isa = XCBuildConfiguration;
			buildSettings = {
				ASSETCATALOG_COMPILER_APPICON_NAME = AppIcon;
				ASSETCATALOG_COMPILER_GLOBAL_ACCENT_COLOR_NAME = AccentColor;
				CODE_SIGN_STYLE = Automatic;
				CURRENT_PROJECT_VERSION = 1;
				GENERATE_INFOPLIST_FILE = YES;
				INFOPLIST_FILE = firstapp/Info.plist;
				INFOPLIST_KEY_UIApplicationSupportsIndirectInputEvents = YES;
				INFOPLIST_KEY_UILaunchStoryboardName = LaunchScreen;
				INFOPLIST_KEY_UIMainStoryboardFile = Main;
				INFOPLIST_KEY_UISupportedInterfaceOrientations_iPad = "UIInterfaceOrientationPortrait UIInterfaceOrientationPortraitUpsideDown UIInterfaceOrientationLandscapeLeft UIInterfaceOrientationLandscapeRight";
				INFOPLIST_KEY_UISupportedInterfaceOrientations_iPhone = "UIInterfaceOrientationPortrait UIInterfaceOrientationLandscapeLeft UIInterfaceOrientationLandscapeRight";
				LD_RUNPATH_SEARCH_PATHS = (
					"$(inherited)",
					"@executable_path/Frameworks",
				);
				MARKETING_VERSION = 1.0;
				PRODUCT_BUNDLE_IDENTIFIER = "dauren-s.firstapp";
				PRODUCT_NAME = "$(TARGET_NAME)";
				SWIFT_EMIT_LOC_STRINGS = YES;
				SWIFT_VERSION = 5.0;
				TARGETED_DEVICE_FAMILY = "1,2";
			};
			name = Release;
		};
		813DA4722B5C028B001FE667 /* Debug */ = {
			isa = XCBuildConfiguration;
			buildSettings = {
				ALWAYS_EMBED_SWIFT_STANDARD_LIBRARIES = YES;
				BUNDLE_LOADER = "$(TEST_HOST)";
				CODE_SIGN_STYLE = Automatic;
				CURRENT_PROJECT_VERSION = 1;
				GENERATE_INFOPLIST_FILE = YES;
				IPHONEOS_DEPLOYMENT_TARGET = 17.0;
				MARKETING_VERSION = 1.0;
				PRODUCT_BUNDLE_IDENTIFIER = "dauren-s.firstappTests";
				PRODUCT_NAME = "$(TARGET_NAME)";
				SWIFT_EMIT_LOC_STRINGS = NO;
				SWIFT_VERSION = 5.0;
				TARGETED_DEVICE_FAMILY = "1,2";
				TEST_HOST = "$(BUILT_PRODUCTS_DIR)/firstapp.app/$(BUNDLE_EXECUTABLE_FOLDER_PATH)/firstapp";
			};
			name = Debug;
		};
		813DA4732B5C028B001FE667 /* Release */ = {
			isa = XCBuildConfiguration;
			buildSettings = {
				ALWAYS_EMBED_SWIFT_STANDARD_LIBRARIES = YES;
				BUNDLE_LOADER = "$(TEST_HOST)";
				CODE_SIGN_STYLE = Automatic;
				CURRENT_PROJECT_VERSION = 1;
				GENERATE_INFOPLIST_FILE = YES;
				IPHONEOS_DEPLOYMENT_TARGET = 17.0;
				MARKETING_VERSION = 1.0;
				PRODUCT_BUNDLE_IDENTIFIER = "dauren-s.firstappTests";
				PRODUCT_NAME = "$(TARGET_NAME)";
				SWIFT_EMIT_LOC_STRINGS = NO;
				SWIFT_VERSION = 5.0;
				TARGETED_DEVICE_FAMILY = "1,2";
				TEST_HOST = "$(BUILT_PRODUCTS_DIR)/firstapp.app/$(BUNDLE_EXECUTABLE_FOLDER_PATH)/firstapp";
			};
			name = Release;
		};
		813DA4752B5C028B001FE667 /* Debug */ = {
			isa = XCBuildConfiguration;
			buildSettings = {
				ALWAYS_EMBED_SWIFT_STANDARD_LIBRARIES = YES;
				CODE_SIGN_STYLE = Automatic;
				CURRENT_PROJECT_VERSION = 1;
				GENERATE_INFOPLIST_FILE = YES;
				MARKETING_VERSION = 1.0;
				PRODUCT_BUNDLE_IDENTIFIER = "dauren-s.firstappUITests";
				PRODUCT_NAME = "$(TARGET_NAME)";
				SWIFT_EMIT_LOC_STRINGS = NO;
				SWIFT_VERSION = 5.0;
				TARGETED_DEVICE_FAMILY = "1,2";
				TEST_TARGET_NAME = firstapp;
			};
			name = Debug;
		};
		813DA4762B5C028B001FE667 /* Release */ = {
			isa = XCBuildConfiguration;
			buildSettings = {
				ALWAYS_EMBED_SWIFT_STANDARD_LIBRARIES = YES;
				CODE_SIGN_STYLE = Automatic;
				CURRENT_PROJECT_VERSION = 1;
				GENERATE_INFOPLIST_FILE = YES;
				MARKETING_VERSION = 1.0;
				PRODUCT_BUNDLE_IDENTIFIER = "dauren-s.firstappUITests";
				PRODUCT_NAME = "$(TARGET_NAME)";
				SWIFT_EMIT_LOC_STRINGS = NO;
				SWIFT_VERSION = 5.0;
				TARGETED_DEVICE_FAMILY = "1,2";
				TEST_TARGET_NAME = firstapp;
			};
			name = Release;
		};
/* End XCBuildConfiguration section */

/* Begin XCConfigurationList section */
		813DA43F2B5C028A001FE667 /* Build configuration list for PBXProject "firstapp" */ = {
			isa = XCConfigurationList;
			buildConfigurations = (
				813DA46C2B5C028B001FE667 /* Debug */,
				813DA46D2B5C028B001FE667 /* Release */,
			);
			defaultConfigurationIsVisible = 0;
			defaultConfigurationName = Release;
		};
		813DA46E2B5C028B001FE667 /* Build configuration list for PBXNativeTarget "firstapp" */ = {
			isa = XCConfigurationList;
			buildConfigurations = (
				813DA46F2B5C028B001FE667 /* Debug */,
				813DA4702B5C028B001FE667 /* Release */,
			);
			defaultConfigurationIsVisible = 0;
			defaultConfigurationName = Release;
		};
		813DA4712B5C028B001FE667 /* Build configuration list for PBXNativeTarget "firstappTests" */ = {
			isa = XCConfigurationList;
			buildConfigurations = (
				813DA4722B5C028B001FE667 /* Debug */,
				813DA4732B5C028B001FE667 /* Release */,
			);
			defaultConfigurationIsVisible = 0;
			defaultConfigurationName = Release;
		};
		813DA4742B5C028B001FE667 /* Build configuration list for PBXNativeTarget "firstappUITests" */ = {
			isa = XCConfigurationList;
			buildConfigurations = (
				813DA4752B5C028B001FE667 /* Debug */,
				813DA4762B5C028B001FE667 /* Release */,
			);
			defaultConfigurationIsVisible = 0;
			defaultConfigurationName = Release;
		};
/* End XCConfigurationList section */
	};
	rootObject = 813DA43C2B5C028A001FE667 /* Project object */;
}
